// !$*UTF8*$!
{
	archiveVersion = 1;
	classes = {
	};
	objectVersion = 56;
	objects = {

/* Begin PBXBuildFile section */
		CD2843912B5C0C15004F8D32 /* Local.swift in Sources */ = {isa = PBXBuildFile; fileRef = CD2843902B5C0C15004F8D32 /* Local.swift */; };
		CD771BA92B5BDC0300074789 /* CurrencyType+Enum.swift in Sources */ = {isa = PBXBuildFile; fileRef = CD771BA82B5BDC0300074789 /* CurrencyType+Enum.swift */; };
		CD902FCE2B58011A00639CB9 /* AppDelegate.swift in Sources */ = {isa = PBXBuildFile; fileRef = CD902FCD2B58011A00639CB9 /* AppDelegate.swift */; };
		CD902FD02B58011A00639CB9 /* SceneDelegate.swift in Sources */ = {isa = PBXBuildFile; fileRef = CD902FCF2B58011A00639CB9 /* SceneDelegate.swift */; };
		CD902FD22B58011A00639CB9 /* MainViewController.swift in Sources */ = {isa = PBXBuildFile; fileRef = CD902FD12B58011A00639CB9 /* MainViewController.swift */; };
		CD902FD52B58011A00639CB9 /* Main.storyboard in Resources */ = {isa = PBXBuildFile; fileRef = CD902FD32B58011A00639CB9 /* Main.storyboard */; };
		CD902FD72B58012000639CB9 /* Assets.xcassets in Resources */ = {isa = PBXBuildFile; fileRef = CD902FD62B58012000639CB9 /* Assets.xcassets */; };
		CD902FE32B5AAF8C00639CB9 /* KeyValueLabel.swift in Sources */ = {isa = PBXBuildFile; fileRef = CD902FE22B5AAF8C00639CB9 /* KeyValueLabel.swift */; };
		CDC3DD132B5B87A200926CB3 /* DataModel.swift in Sources */ = {isa = PBXBuildFile; fileRef = CDC3DD122B5B87A100926CB3 /* DataModel.swift */; };
		CDC3DD162B5B89E600926CB3 /* CurrencyManager.swift in Sources */ = {isa = PBXBuildFile; fileRef = CDC3DD152B5B89E600926CB3 /* CurrencyManager.swift */; };
		CDC3DD182B5B8B6600926CB3 /* GetCurrencyDataTranjaction.swift in Sources */ = {isa = PBXBuildFile; fileRef = CDC3DD172B5B8B6600926CB3 /* GetCurrencyDataTranjaction.swift */; };
		CDC3DD1E2B5BB9BA00926CB3 /* NetworkError+Enum.swift in Sources */ = {isa = PBXBuildFile; fileRef = CDC3DD1D2B5BB9BA00926CB3 /* NetworkError+Enum.swift */; };
/* End PBXBuildFile section */

/* Begin PBXFileReference section */
		CD2843902B5C0C15004F8D32 /* Local.swift */ = {isa = PBXFileReference; lastKnownFileType = sourcecode.swift; path = Local.swift; sourceTree = "<group>"; };
		CD771BA82B5BDC0300074789 /* CurrencyType+Enum.swift */ = {isa = PBXFileReference; lastKnownFileType = sourcecode.swift; path = "CurrencyType+Enum.swift"; sourceTree = "<group>"; };
		CD902FCA2B58011A00639CB9 /* ExchangeRateCalculator.app */ = {isa = PBXFileReference; explicitFileType = wrapper.application; includeInIndex = 0; path = ExchangeRateCalculator.app; sourceTree = BUILT_PRODUCTS_DIR; };
		CD902FCD2B58011A00639CB9 /* AppDelegate.swift */ = {isa = PBXFileReference; lastKnownFileType = sourcecode.swift; path = AppDelegate.swift; sourceTree = "<group>"; };
		CD902FCF2B58011A00639CB9 /* SceneDelegate.swift */ = {isa = PBXFileReference; lastKnownFileType = sourcecode.swift; path = SceneDelegate.swift; sourceTree = "<group>"; };
		CD902FD12B58011A00639CB9 /* MainViewController.swift */ = {isa = PBXFileReference; lastKnownFileType = sourcecode.swift; path = MainViewController.swift; sourceTree = "<group>"; };
		CD902FD42B58011A00639CB9 /* Base */ = {isa = PBXFileReference; lastKnownFileType = file.storyboard; name = Base; path = Base.lproj/Main.storyboard; sourceTree = "<group>"; };
		CD902FD62B58012000639CB9 /* Assets.xcassets */ = {isa = PBXFileReference; lastKnownFileType = folder.assetcatalog; path = Assets.xcassets; sourceTree = "<group>"; };
		CD902FDB2B58012000639CB9 /* Info.plist */ = {isa = PBXFileReference; lastKnownFileType = text.plist.xml; path = Info.plist; sourceTree = "<group>"; };
		CD902FE22B5AAF8C00639CB9 /* KeyValueLabel.swift */ = {isa = PBXFileReference; lastKnownFileType = sourcecode.swift; path = KeyValueLabel.swift; sourceTree = "<group>"; };
		CDC3DD122B5B87A100926CB3 /* DataModel.swift */ = {isa = PBXFileReference; lastKnownFileType = sourcecode.swift; path = DataModel.swift; sourceTree = "<group>"; };
		CDC3DD152B5B89E600926CB3 /* CurrencyManager.swift */ = {isa = PBXFileReference; lastKnownFileType = sourcecode.swift; path = CurrencyManager.swift; sourceTree = "<group>"; };
		CDC3DD172B5B8B6600926CB3 /* GetCurrencyDataTranjaction.swift */ = {isa = PBXFileReference; lastKnownFileType = sourcecode.swift; path = GetCurrencyDataTranjaction.swift; sourceTree = "<group>"; };
		CDC3DD1D2B5BB9BA00926CB3 /* NetworkError+Enum.swift */ = {isa = PBXFileReference; lastKnownFileType = sourcecode.swift; path = "NetworkError+Enum.swift"; sourceTree = "<group>"; };
/* End PBXFileReference section */

/* Begin PBXFrameworksBuildPhase section */
		CD902FC72B58011A00639CB9 /* Frameworks */ = {
			isa = PBXFrameworksBuildPhase;
			buildActionMask = 2147483647;
			files = (
			);
			runOnlyForDeploymentPostprocessing = 0;
		};
/* End PBXFrameworksBuildPhase section */

/* Begin PBXGroup section */
		CD28438F2B5C0C02004F8D32 /* LocalDataBase */ = {
			isa = PBXGroup;
			children = (
				CD2843902B5C0C15004F8D32 /* Local.swift */,
			);
			path = LocalDataBase;
			sourceTree = "<group>";
		};
		CD902FC12B58011A00639CB9 = {
			isa = PBXGroup;
			children = (
				CD902FCC2B58011A00639CB9 /* ExchangeRateCalculator */,
				CD902FCB2B58011A00639CB9 /* Products */,
			);
			sourceTree = "<group>";
		};
		CD902FCB2B58011A00639CB9 /* Products */ = {
			isa = PBXGroup;
			children = (
				CD902FCA2B58011A00639CB9 /* ExchangeRateCalculator.app */,
			);
			name = Products;
			sourceTree = "<group>";
		};
		CD902FCC2B58011A00639CB9 /* ExchangeRateCalculator */ = {
			isa = PBXGroup;
			children = (
				CD28438F2B5C0C02004F8D32 /* LocalDataBase */,
				CDC3DD142B5B89DA00926CB3 /* ViewModel */,
				CDC3DD112B5B867600926CB3 /* Model */,
				CDC3DD1C2B5BA9AB00926CB3 /* ViewController */,
				CD902FE12B5AAF8000639CB9 /* View */,
				CD902FCD2B58011A00639CB9 /* AppDelegate.swift */,
				CD902FCF2B58011A00639CB9 /* SceneDelegate.swift */,
				CD902FD32B58011A00639CB9 /* Main.storyboard */,
				CD902FD62B58012000639CB9 /* Assets.xcassets */,
				CD902FDB2B58012000639CB9 /* Info.plist */,
			);
			path = ExchangeRateCalculator;
			sourceTree = "<group>";
		};
		CD902FE12B5AAF8000639CB9 /* View */ = {
			isa = PBXGroup;
			children = (
				CD902FE22B5AAF8C00639CB9 /* KeyValueLabel.swift */,
			);
			path = View;
			sourceTree = "<group>";
		};
		CDC3DD112B5B867600926CB3 /* Model */ = {
			isa = PBXGroup;
			children = (
				CDC3DD122B5B87A100926CB3 /* DataModel.swift */,
				CDC3DD172B5B8B6600926CB3 /* GetCurrencyDataTranjaction.swift */,
				CDC3DD1D2B5BB9BA00926CB3 /* NetworkError+Enum.swift */,
				CD771BA82B5BDC0300074789 /* CurrencyType+Enum.swift */,
			);
			path = Model;
			sourceTree = "<group>";
		};
		CDC3DD142B5B89DA00926CB3 /* ViewModel */ = {
			isa = PBXGroup;
			children = (
				CDC3DD152B5B89E600926CB3 /* CurrencyManager.swift */,
			);
			path = ViewModel;
			sourceTree = "<group>";
		};
		CDC3DD1C2B5BA9AB00926CB3 /* ViewController */ = {
			isa = PBXGroup;
			children = (
				CD902FD12B58011A00639CB9 /* MainViewController.swift */,
			);
			path = ViewController;
			sourceTree = "<group>";
		};
/* End PBXGroup section */

/* Begin PBXNativeTarget section */
		CD902FC92B58011A00639CB9 /* ExchangeRateCalculator */ = {
			isa = PBXNativeTarget;
			buildConfigurationList = CD902FDE2B58012000639CB9 /* Build configuration list for PBXNativeTarget "ExchangeRateCalculator" */;
			buildPhases = (
				CD902FC62B58011A00639CB9 /* Sources */,
				CD902FC72B58011A00639CB9 /* Frameworks */,
				CD902FC82B58011A00639CB9 /* Resources */,
			);
			buildRules = (
			);
			dependencies = (
			);
			name = ExchangeRateCalculator;
			productName = ExchangeRateCalculator;
			productReference = CD902FCA2B58011A00639CB9 /* ExchangeRateCalculator.app */;
			productType = "com.apple.product-type.application";
		};
/* End PBXNativeTarget section */

/* Begin PBXProject section */
		CD902FC22B58011A00639CB9 /* Project object */ = {
			isa = PBXProject;
			attributes = {
				BuildIndependentTargetsInParallel = 1;
				LastSwiftUpdateCheck = 1500;
				LastUpgradeCheck = 1500;
				TargetAttributes = {
					CD902FC92B58011A00639CB9 = {
						CreatedOnToolsVersion = 15.0;
					};
				};
			};
			buildConfigurationList = CD902FC52B58011A00639CB9 /* Build configuration list for PBXProject "ExchangeRateCalculator" */;
			compatibilityVersion = "Xcode 14.0";
			developmentRegion = en;
			hasScannedForEncodings = 0;
			knownRegions = (
				en,
				Base,
			);
			mainGroup = CD902FC12B58011A00639CB9;
			productRefGroup = CD902FCB2B58011A00639CB9 /* Products */;
			projectDirPath = "";
			projectRoot = "";
			targets = (
				CD902FC92B58011A00639CB9 /* ExchangeRateCalculator */,
			);
		};
/* End PBXProject section */

/* Begin PBXResourcesBuildPhase section */
		CD902FC82B58011A00639CB9 /* Resources */ = {
			isa = PBXResourcesBuildPhase;
			buildActionMask = 2147483647;
			files = (
				CD902FD72B58012000639CB9 /* Assets.xcassets in Resources */,
				CD902FD52B58011A00639CB9 /* Main.storyboard in Resources */,
			);
			runOnlyForDeploymentPostprocessing = 0;
		};
/* End PBXResourcesBuildPhase section */

/* Begin PBXSourcesBuildPhase section */
		CD902FC62B58011A00639CB9 /* Sources */ = {
			isa = PBXSourcesBuildPhase;
			buildActionMask = 2147483647;
			files = (
				CDC3DD132B5B87A200926CB3 /* DataModel.swift in Sources */,
				CD771BA92B5BDC0300074789 /* CurrencyType+Enum.swift in Sources */,
				CD902FD22B58011A00639CB9 /* MainViewController.swift in Sources */,
				CD902FCE2B58011A00639CB9 /* AppDelegate.swift in Sources */,
				CD902FD02B58011A00639CB9 /* SceneDelegate.swift in Sources */,
				CD2843912B5C0C15004F8D32 /* Local.swift in Sources */,
				CDC3DD162B5B89E600926CB3 /* CurrencyManager.swift in Sources */,
				CDC3DD182B5B8B6600926CB3 /* GetCurrencyDataTranjaction.swift in Sources */,
				CDC3DD1E2B5BB9BA00926CB3 /* NetworkError+Enum.swift in Sources */,
				CD902FE32B5AAF8C00639CB9 /* KeyValueLabel.swift in Sources */,
			);
			runOnlyForDeploymentPostprocessing = 0;
		};
/* End PBXSourcesBuildPhase section */

/* Begin PBXVariantGroup section */
		CD902FD32B58011A00639CB9 /* Main.storyboard */ = {
			isa = PBXVariantGroup;
			children = (
				CD902FD42B58011A00639CB9 /* Base */,
			);
			name = Main.storyboard;
			sourceTree = "<group>";
		};
/* End PBXVariantGroup section */

/* Begin XCBuildConfiguration section */
		CD902FDC2B58012000639CB9 /* Debug */ = {
			isa = XCBuildConfiguration;
			buildSettings = {
				ALWAYS_SEARCH_USER_PATHS = NO;
				ASSETCATALOG_COMPILER_GENERATE_SWIFT_ASSET_SYMBOL_EXTENSIONS = YES;
				CLANG_ANALYZER_NONNULL = YES;
				CLANG_ANALYZER_NUMBER_OBJECT_CONVERSION = YES_AGGRESSIVE;
				CLANG_CXX_LANGUAGE_STANDARD = "gnu++20";
				CLANG_ENABLE_MODULES = YES;
				CLANG_ENABLE_OBJC_ARC = YES;
				CLANG_ENABLE_OBJC_WEAK = YES;
				CLANG_WARN_BLOCK_CAPTURE_AUTORELEASING = YES;
				CLANG_WARN_BOOL_CONVERSION = YES;
				CLANG_WARN_COMMA = YES;
				CLANG_WARN_CONSTANT_CONVERSION = YES;
				CLANG_WARN_DEPRECATED_OBJC_IMPLEMENTATIONS = YES;
				CLANG_WARN_DIRECT_OBJC_ISA_USAGE = YES_ERROR;
				CLANG_WARN_DOCUMENTATION_COMMENTS = YES;
				CLANG_WARN_EMPTY_BODY = YES;
				CLANG_WARN_ENUM_CONVERSION = YES;
				CLANG_WARN_INFINITE_RECURSION = YES;
				CLANG_WARN_INT_CONVERSION = YES;
				CLANG_WARN_NON_LITERAL_NULL_CONVERSION = YES;
				CLANG_WARN_OBJC_IMPLICIT_RETAIN_SELF = YES;
				CLANG_WARN_OBJC_LITERAL_CONVERSION = YES;
				CLANG_WARN_OBJC_ROOT_CLASS = YES_ERROR;
				CLANG_WARN_QUOTED_INCLUDE_IN_FRAMEWORK_HEADER = YES;
				CLANG_WARN_RANGE_LOOP_ANALYSIS = YES;
				CLANG_WARN_STRICT_PROTOTYPES = YES;
				CLANG_WARN_SUSPICIOUS_MOVE = YES;
				CLANG_WARN_UNGUARDED_AVAILABILITY = YES_AGGRESSIVE;
				CLANG_WARN_UNREACHABLE_CODE = YES;
				CLANG_WARN__DUPLICATE_METHOD_MATCH = YES;
				COPY_PHASE_STRIP = NO;
				DEBUG_INFORMATION_FORMAT = dwarf;
				ENABLE_STRICT_OBJC_MSGSEND = YES;
				ENABLE_TESTABILITY = YES;
				ENABLE_USER_SCRIPT_SANDBOXING = YES;
				GCC_C_LANGUAGE_STANDARD = gnu17;
				GCC_DYNAMIC_NO_PIC = NO;
				GCC_NO_COMMON_BLOCKS = YES;
				GCC_OPTIMIZATION_LEVEL = 0;
				GCC_PREPROCESSOR_DEFINITIONS = (
					"DEBUG=1",
					"$(inherited)",
				);
				GCC_WARN_64_TO_32_BIT_CONVERSION = YES;
				GCC_WARN_ABOUT_RETURN_TYPE = YES_ERROR;
				GCC_WARN_UNDECLARED_SELECTOR = YES;
				GCC_WARN_UNINITIALIZED_AUTOS = YES_AGGRESSIVE;
				GCC_WARN_UNUSED_FUNCTION = YES;
				GCC_WARN_UNUSED_VARIABLE = YES;
				IPHONEOS_DEPLOYMENT_TARGET = 13.0;
				LOCALIZATION_PREFERS_STRING_CATALOGS = YES;
				MTL_ENABLE_DEBUG_INFO = INCLUDE_SOURCE;
				MTL_FAST_MATH = YES;
				ONLY_ACTIVE_ARCH = YES;
				SDKROOT = iphoneos;
				SWIFT_ACTIVE_COMPILATION_CONDITIONS = "DEBUG $(inherited)";
				SWIFT_OPTIMIZATION_LEVEL = "-Onone";
			};
			name = Debug;
		};
		CD902FDD2B58012000639CB9 /* Release */ = {
			isa = XCBuildConfiguration;
			buildSettings = {
				ALWAYS_SEARCH_USER_PATHS = NO;
				ASSETCATALOG_COMPILER_GENERATE_SWIFT_ASSET_SYMBOL_EXTENSIONS = YES;
				CLANG_ANALYZER_NONNULL = YES;
				CLANG_ANALYZER_NUMBER_OBJECT_CONVERSION = YES_AGGRESSIVE;
				CLANG_CXX_LANGUAGE_STANDARD = "gnu++20";
				CLANG_ENABLE_MODULES = YES;
				CLANG_ENABLE_OBJC_ARC = YES;
				CLANG_ENABLE_OBJC_WEAK = YES;
				CLANG_WARN_BLOCK_CAPTURE_AUTORELEASING = YES;
				CLANG_WARN_BOOL_CONVERSION = YES;
				CLANG_WARN_COMMA = YES;
				CLANG_WARN_CONSTANT_CONVERSION = YES;
				CLANG_WARN_DEPRECATED_OBJC_IMPLEMENTATIONS = YES;
				CLANG_WARN_DIRECT_OBJC_ISA_USAGE = YES_ERROR;
				CLANG_WARN_DOCUMENTATION_COMMENTS = YES;
				CLANG_WARN_EMPTY_BODY = YES;
				CLANG_WARN_ENUM_CONVERSION = YES;
				CLANG_WARN_INFINITE_RECURSION = YES;
				CLANG_WARN_INT_CONVERSION = YES;
				CLANG_WARN_NON_LITERAL_NULL_CONVERSION = YES;
				CLANG_WARN_OBJC_IMPLICIT_RETAIN_SELF = YES;
				CLANG_WARN_OBJC_LITERAL_CONVERSION = YES;
				CLANG_WARN_OBJC_ROOT_CLASS = YES_ERROR;
				CLANG_WARN_QUOTED_INCLUDE_IN_FRAMEWORK_HEADER = YES;
				CLANG_WARN_RANGE_LOOP_ANALYSIS = YES;
				CLANG_WARN_STRICT_PROTOTYPES = YES;
				CLANG_WARN_SUSPICIOUS_MOVE = YES;
				CLANG_WARN_UNGUARDED_AVAILABILITY = YES_AGGRESSIVE;
				CLANG_WARN_UNREACHABLE_CODE = YES;
				CLANG_WARN__DUPLICATE_METHOD_MATCH = YES;
				COPY_PHASE_STRIP = NO;
				DEBUG_INFORMATION_FORMAT = "dwarf-with-dsym";
				ENABLE_NS_ASSERTIONS = NO;
				ENABLE_STRICT_OBJC_MSGSEND = YES;
				ENABLE_USER_SCRIPT_SANDBOXING = YES;
				GCC_C_LANGUAGE_STANDARD = gnu17;
				GCC_NO_COMMON_BLOCKS = YES;
				GCC_WARN_64_TO_32_BIT_CONVERSION = YES;
				GCC_WARN_ABOUT_RETURN_TYPE = YES_ERROR;
				GCC_WARN_UNDECLARED_SELECTOR = YES;
				GCC_WARN_UNINITIALIZED_AUTOS = YES_AGGRESSIVE;
				GCC_WARN_UNUSED_FUNCTION = YES;
				GCC_WARN_UNUSED_VARIABLE = YES;
				IPHONEOS_DEPLOYMENT_TARGET = 13.0;
				LOCALIZATION_PREFERS_STRING_CATALOGS = YES;
				MTL_ENABLE_DEBUG_INFO = NO;
				MTL_FAST_MATH = YES;
				SDKROOT = iphoneos;
				SWIFT_COMPILATION_MODE = wholemodule;
				VALIDATE_PRODUCT = YES;
			};
			name = Release;
		};
		CD902FDF2B58012000639CB9 /* Debug */ = {
			isa = XCBuildConfiguration;
			buildSettings = {
				ASSETCATALOG_COMPILER_APPICON_NAME = AppIcon;
				ASSETCATALOG_COMPILER_GLOBAL_ACCENT_COLOR_NAME = AccentColor;
				CODE_SIGN_STYLE = Automatic;
				CURRENT_PROJECT_VERSION = 1;
				DEVELOPMENT_TEAM = CQZ4VJH454;
				GENERATE_INFOPLIST_FILE = YES;
				INFOPLIST_FILE = ExchangeRateCalculator/Info.plist;
				INFOPLIST_KEY_UIApplicationSupportsIndirectInputEvents = YES;
				INFOPLIST_KEY_UILaunchStoryboardName = LaunchScreen;
				INFOPLIST_KEY_UIMainStoryboardFile = "";
				INFOPLIST_KEY_UISupportedInterfaceOrientations_iPad = "UIInterfaceOrientationPortrait UIInterfaceOrientationPortraitUpsideDown UIInterfaceOrientationLandscapeLeft UIInterfaceOrientationLandscapeRight";
				INFOPLIST_KEY_UISupportedInterfaceOrientations_iPhone = "UIInterfaceOrientationPortrait UIInterfaceOrientationLandscapeLeft UIInterfaceOrientationLandscapeRight";
				LD_RUNPATH_SEARCH_PATHS = (
					"$(inherited)",
					"@executable_path/Frameworks",
				);
				MARKETING_VERSION = 1.0;
				PRODUCT_BUNDLE_IDENTIFIER = me.sma.ExchangeRateCalculator;
				PRODUCT_NAME = "$(TARGET_NAME)";
				SWIFT_EMIT_LOC_STRINGS = YES;
				SWIFT_VERSION = 5.0;
				TARGETED_DEVICE_FAMILY = "1,2";
			};
			name = Debug;
		};
		CD902FE02B58012000639CB9 /* Release */ = {
			isa = XCBuildConfiguration;
			buildSettings = {
				ASSETCATALOG_COMPILER_APPICON_NAME = AppIcon;
				ASSETCATALOG_COMPILER_GLOBAL_ACCENT_COLOR_NAME = AccentColor;
				CODE_SIGN_STYLE = Automatic;
				CURRENT_PROJECT_VERSION = 1;
				DEVELOPMENT_TEAM = CQZ4VJH454;
				GENERATE_INFOPLIST_FILE = YES;
				INFOPLIST_FILE = ExchangeRateCalculator/Info.plist;
				INFOPLIST_KEY_UIApplicationSupportsIndirectInputEvents = YES;
				INFOPLIST_KEY_UILaunchStoryboardName = LaunchScreen;
				INFOPLIST_KEY_UIMainStoryboardFile = "";
				INFOPLIST_KEY_UISupportedInterfaceOrientations_iPad = "UIInterfaceOrientationPortrait UIInterfaceOrientationPortraitUpsideDown UIInterfaceOrientationLandscapeLeft UIInterfaceOrientationLandscapeRight";
				INFOPLIST_KEY_UISupportedInterfaceOrientations_iPhone = "UIInterfaceOrientationPortrait UIInterfaceOrientationLandscapeLeft UIInterfaceOrientationLandscapeRight";
				LD_RUNPATH_SEARCH_PATHS = (
					"$(inherited)",
					"@executable_path/Frameworks",
				);
				MARKETING_VERSION = 1.0;
				PRODUCT_BUNDLE_IDENTIFIER = me.sma.ExchangeRateCalculator;
				PRODUCT_NAME = "$(TARGET_NAME)";
				SWIFT_EMIT_LOC_STRINGS = YES;
				SWIFT_VERSION = 5.0;
				TARGETED_DEVICE_FAMILY = "1,2";
			};
			name = Release;
		};
/* End XCBuildConfiguration section */

/* Begin XCConfigurationList section */
		CD902FC52B58011A00639CB9 /* Build configuration list for PBXProject "ExchangeRateCalculator" */ = {
			isa = XCConfigurationList;
			buildConfigurations = (
				CD902FDC2B58012000639CB9 /* Debug */,
				CD902FDD2B58012000639CB9 /* Release */,
			);
			defaultConfigurationIsVisible = 0;
			defaultConfigurationName = Release;
		};
		CD902FDE2B58012000639CB9 /* Build configuration list for PBXNativeTarget "ExchangeRateCalculator" */ = {
			isa = XCConfigurationList;
			buildConfigurations = (
				CD902FDF2B58012000639CB9 /* Debug */,
				CD902FE02B58012000639CB9 /* Release */,
			);
			defaultConfigurationIsVisible = 0;
			defaultConfigurationName = Release;
		};
/* End XCConfigurationList section */
	};
	rootObject = CD902FC22B58011A00639CB9 /* Project object */;
}
